// !$*UTF8*$!
{
	archiveVersion = 1;
	classes = {
	};
	objectVersion = 56;
	objects = {

/* Begin PBXBuildFile section */
		621B5A272C866825000AC94D /* AllLettersTests.swift in Sources */ = {isa = PBXBuildFile; fileRef = 621B5A262C866825000AC94D /* AllLettersTests.swift */; };
		621B5A292C8B91EE000AC94D /* PlayerStatsTests.swift in Sources */ = {isa = PBXBuildFile; fileRef = 621B5A282C8B91EE000AC94D /* PlayerStatsTests.swift */; };
		621B5A2C2C8B9FBE000AC94D /* StatsNames.swift in Sources */ = {isa = PBXBuildFile; fileRef = 621B5A2A2C8B9E10000AC94D /* StatsNames.swift */; };
		62575A1F2AFAA2A9000D6417 /* PlayerStats.swift in Sources */ = {isa = PBXBuildFile; fileRef = 62575A1E2AFAA2A9000D6417 /* PlayerStats.swift */; };
		62575A212AFAA385000D6417 /* StatsViewController.swift in Sources */ = {isa = PBXBuildFile; fileRef = 62575A202AFAA385000D6417 /* StatsViewController.swift */; };
		62575A232AFAA49A000D6417 /* Stat.swift in Sources */ = {isa = PBXBuildFile; fileRef = 62575A222AFAA49A000D6417 /* Stat.swift */; };
		62575A262AFAB287000D6417 /* StatTableViewCell.swift in Sources */ = {isa = PBXBuildFile; fileRef = 62575A242AFAB287000D6417 /* StatTableViewCell.swift */; };
		62575A272AFAB287000D6417 /* StatTableViewCell.xib in Resources */ = {isa = PBXBuildFile; fileRef = 62575A252AFAB287000D6417 /* StatTableViewCell.xib */; };
		62575A292AFC2A6C000D6417 /* AnyChartiOS.swift in Sources */ = {isa = PBXBuildFile; fileRef = 62575A282AFC2A6C000D6417 /* AnyChartiOS.swift */; };
		62A958322AEC52B50056FA25 /* AppDelegate.swift in Sources */ = {isa = PBXBuildFile; fileRef = 62A958312AEC52B50056FA25 /* AppDelegate.swift */; };
		62A958342AEC52B50056FA25 /* SceneDelegate.swift in Sources */ = {isa = PBXBuildFile; fileRef = 62A958332AEC52B50056FA25 /* SceneDelegate.swift */; };
		62A958392AEC52B60056FA25 /* Main.storyboard in Resources */ = {isa = PBXBuildFile; fileRef = 62A958372AEC52B60056FA25 /* Main.storyboard */; };
		62A9583B2AEC52BA0056FA25 /* Assets.xcassets in Resources */ = {isa = PBXBuildFile; fileRef = 62A9583A2AEC52BA0056FA25 /* Assets.xcassets */; };
		62A9583E2AEC52BA0056FA25 /* LaunchScreen.storyboard in Resources */ = {isa = PBXBuildFile; fileRef = 62A9583C2AEC52BA0056FA25 /* LaunchScreen.storyboard */; };
		62A958462AEC52F60056FA25 /* AllWords.swift in Sources */ = {isa = PBXBuildFile; fileRef = 62A958452AEC52F60056FA25 /* AllWords.swift */; };
		62A9584D2AEC54430056FA25 /* GameViewController.swift in Sources */ = {isa = PBXBuildFile; fileRef = 62A9584C2AEC54430056FA25 /* GameViewController.swift */; };
		62A958522AEF16BB0056FA25 /* AllLetters.swift in Sources */ = {isa = PBXBuildFile; fileRef = 62A958512AEF16BB0056FA25 /* AllLetters.swift */; };
		62A958542AF40CBB0056FA25 /* Sacco-SemiBoldCondensed.ttf in Resources */ = {isa = PBXBuildFile; fileRef = 62A958532AF40CBA0056FA25 /* Sacco-SemiBoldCondensed.ttf */; };
		62A958572AF4154F0056FA25 /* Game Logic.swift in Sources */ = {isa = PBXBuildFile; fileRef = 62A958562AF4154F0056FA25 /* Game Logic.swift */; };
		62A958592AF419FD0056FA25 /* Alerts.swift in Sources */ = {isa = PBXBuildFile; fileRef = 62A958582AF419FD0056FA25 /* Alerts.swift */; };
		62F4D73D2C7E5C5F00CEC7A7 /* GameLogicDelegate.swift in Sources */ = {isa = PBXBuildFile; fileRef = 62F4D73C2C7E5C5F00CEC7A7 /* GameLogicDelegate.swift */; };
		62F4D7402C7E5EC500CEC7A7 /* CheckResults.swift in Sources */ = {isa = PBXBuildFile; fileRef = 62F4D73F2C7E5EC500CEC7A7 /* CheckResults.swift */; };
		62F4D7422C7FD71500CEC7A7 /* KeyboardManager.swift in Sources */ = {isa = PBXBuildFile; fileRef = 62F4D7412C7FD71500CEC7A7 /* KeyboardManager.swift */; };
		62F4D7442C7FD86200CEC7A7 /* AlertsDelegate.swift in Sources */ = {isa = PBXBuildFile; fileRef = 62F4D7432C7FD86200CEC7A7 /* AlertsDelegate.swift */; };
		62F4D7462C8107D500CEC7A7 /* StatsManagerProtocol.swift in Sources */ = {isa = PBXBuildFile; fileRef = 62F4D7452C8107D500CEC7A7 /* StatsManagerProtocol.swift */; };
		62F4D7602C825F8F00CEC7A7 /* GameLogicTests.swift in Sources */ = {isa = PBXBuildFile; fileRef = 62F4D75F2C825F8F00CEC7A7 /* GameLogicTests.swift */; };
		FDD6DB5DC1C801F2FCEF89B5 /* Pods_WordHurdle.framework in Frameworks */ = {isa = PBXBuildFile; fileRef = 07915E3817D27611D3F9C5E7 /* Pods_WordHurdle.framework */; };
/* End PBXBuildFile section */

/* Begin PBXContainerItemProxy section */
		62F4D7612C825F8F00CEC7A7 /* PBXContainerItemProxy */ = {
			isa = PBXContainerItemProxy;
			containerPortal = 62A958262AEC52B50056FA25 /* Project object */;
			proxyType = 1;
			remoteGlobalIDString = 62A9582D2AEC52B50056FA25;
			remoteInfo = WordHurdle;
		};
/* End PBXContainerItemProxy section */

/* Begin PBXCopyFilesBuildPhase section */
		62F4D7552C825F3400CEC7A7 /* Embed Foundation Extensions */ = {
			isa = PBXCopyFilesBuildPhase;
			buildActionMask = 2147483647;
			dstPath = "";
			dstSubfolderSpec = 13;
			files = (
			);
			name = "Embed Foundation Extensions";
			runOnlyForDeploymentPostprocessing = 0;
		};
/* End PBXCopyFilesBuildPhase section */

/* Begin PBXFileReference section */
		07915E3817D27611D3F9C5E7 /* Pods_WordHurdle.framework */ = {isa = PBXFileReference; explicitFileType = wrapper.framework; includeInIndex = 0; path = Pods_WordHurdle.framework; sourceTree = BUILT_PRODUCTS_DIR; };
		621B5A262C866825000AC94D /* AllLettersTests.swift */ = {isa = PBXFileReference; lastKnownFileType = sourcecode.swift; path = AllLettersTests.swift; sourceTree = "<group>"; };
		621B5A282C8B91EE000AC94D /* PlayerStatsTests.swift */ = {isa = PBXFileReference; lastKnownFileType = sourcecode.swift; name = PlayerStatsTests.swift; path = GameLogicTests/PlayerStatsTests.swift; sourceTree = SOURCE_ROOT; };
		621B5A2A2C8B9E10000AC94D /* StatsNames.swift */ = {isa = PBXFileReference; lastKnownFileType = sourcecode.swift; name = StatsNames.swift; path = WordHurdle/Model/StatsNames.swift; sourceTree = SOURCE_ROOT; };
		62575A1E2AFAA2A9000D6417 /* PlayerStats.swift */ = {isa = PBXFileReference; lastKnownFileType = sourcecode.swift; path = PlayerStats.swift; sourceTree = "<group>"; };
		62575A202AFAA385000D6417 /* StatsViewController.swift */ = {isa = PBXFileReference; lastKnownFileType = sourcecode.swift; path = StatsViewController.swift; sourceTree = "<group>"; };
		62575A222AFAA49A000D6417 /* Stat.swift */ = {isa = PBXFileReference; lastKnownFileType = sourcecode.swift; path = Stat.swift; sourceTree = "<group>"; };
		62575A242AFAB287000D6417 /* StatTableViewCell.swift */ = {isa = PBXFileReference; lastKnownFileType = sourcecode.swift; path = StatTableViewCell.swift; sourceTree = "<group>"; };
		62575A252AFAB287000D6417 /* StatTableViewCell.xib */ = {isa = PBXFileReference; lastKnownFileType = file.xib; path = StatTableViewCell.xib; sourceTree = "<group>"; };
		62575A282AFC2A6C000D6417 /* AnyChartiOS.swift */ = {isa = PBXFileReference; lastKnownFileType = sourcecode.swift; path = AnyChartiOS.swift; sourceTree = "<group>"; };
		62A9582E2AEC52B50056FA25 /* WordHurdle.app */ = {isa = PBXFileReference; explicitFileType = wrapper.application; includeInIndex = 0; path = WordHurdle.app; sourceTree = BUILT_PRODUCTS_DIR; };
		62A958312AEC52B50056FA25 /* AppDelegate.swift */ = {isa = PBXFileReference; lastKnownFileType = sourcecode.swift; path = AppDelegate.swift; sourceTree = "<group>"; };
		62A958332AEC52B50056FA25 /* SceneDelegate.swift */ = {isa = PBXFileReference; lastKnownFileType = sourcecode.swift; path = SceneDelegate.swift; sourceTree = "<group>"; };
		62A958382AEC52B60056FA25 /* Base */ = {isa = PBXFileReference; lastKnownFileType = file.storyboard; name = Base; path = Base.lproj/Main.storyboard; sourceTree = "<group>"; };
		62A9583A2AEC52BA0056FA25 /* Assets.xcassets */ = {isa = PBXFileReference; lastKnownFileType = folder.assetcatalog; path = Assets.xcassets; sourceTree = "<group>"; };
		62A9583D2AEC52BA0056FA25 /* Base */ = {isa = PBXFileReference; lastKnownFileType = file.storyboard; name = Base; path = Base.lproj/LaunchScreen.storyboard; sourceTree = "<group>"; };
		62A9583F2AEC52BA0056FA25 /* Info.plist */ = {isa = PBXFileReference; lastKnownFileType = text.plist.xml; path = Info.plist; sourceTree = "<group>"; };
		62A958452AEC52F60056FA25 /* AllWords.swift */ = {isa = PBXFileReference; lastKnownFileType = sourcecode.swift; path = AllWords.swift; sourceTree = "<group>"; };
		62A9584C2AEC54430056FA25 /* GameViewController.swift */ = {isa = PBXFileReference; lastKnownFileType = sourcecode.swift; path = GameViewController.swift; sourceTree = "<group>"; };
		62A958512AEF16BB0056FA25 /* AllLetters.swift */ = {isa = PBXFileReference; lastKnownFileType = sourcecode.swift; path = AllLetters.swift; sourceTree = "<group>"; };
		62A958532AF40CBA0056FA25 /* Sacco-SemiBoldCondensed.ttf */ = {isa = PBXFileReference; lastKnownFileType = file; path = "Sacco-SemiBoldCondensed.ttf"; sourceTree = "<group>"; };
		62A958562AF4154F0056FA25 /* Game Logic.swift */ = {isa = PBXFileReference; lastKnownFileType = sourcecode.swift; path = "Game Logic.swift"; sourceTree = "<group>"; };
		62A958582AF419FD0056FA25 /* Alerts.swift */ = {isa = PBXFileReference; lastKnownFileType = sourcecode.swift; path = Alerts.swift; sourceTree = "<group>"; };
		62F4D73C2C7E5C5F00CEC7A7 /* GameLogicDelegate.swift */ = {isa = PBXFileReference; lastKnownFileType = sourcecode.swift; path = GameLogicDelegate.swift; sourceTree = "<group>"; };
		62F4D73F2C7E5EC500CEC7A7 /* CheckResults.swift */ = {isa = PBXFileReference; lastKnownFileType = sourcecode.swift; path = CheckResults.swift; sourceTree = "<group>"; };
		62F4D7412C7FD71500CEC7A7 /* KeyboardManager.swift */ = {isa = PBXFileReference; lastKnownFileType = sourcecode.swift; path = KeyboardManager.swift; sourceTree = "<group>"; };
		62F4D7432C7FD86200CEC7A7 /* AlertsDelegate.swift */ = {isa = PBXFileReference; lastKnownFileType = sourcecode.swift; path = AlertsDelegate.swift; sourceTree = "<group>"; };
		62F4D7452C8107D500CEC7A7 /* StatsManagerProtocol.swift */ = {isa = PBXFileReference; lastKnownFileType = sourcecode.swift; path = StatsManagerProtocol.swift; sourceTree = "<group>"; };
		62F4D75D2C825F8F00CEC7A7 /* GameLogicTests.xctest */ = {isa = PBXFileReference; explicitFileType = wrapper.cfbundle; includeInIndex = 0; path = GameLogicTests.xctest; sourceTree = BUILT_PRODUCTS_DIR; };
		62F4D75F2C825F8F00CEC7A7 /* GameLogicTests.swift */ = {isa = PBXFileReference; lastKnownFileType = sourcecode.swift; path = GameLogicTests.swift; sourceTree = "<group>"; };
		780EFAA0F9A1402A8A4B07EF /* Pods-WordHurdle.debug.xcconfig */ = {isa = PBXFileReference; includeInIndex = 1; lastKnownFileType = text.xcconfig; name = "Pods-WordHurdle.debug.xcconfig"; path = "Target Support Files/Pods-WordHurdle/Pods-WordHurdle.debug.xcconfig"; sourceTree = "<group>"; };
		9E9AA02DBC5D9EE5E43BB8D8 /* Pods-WordHurdle.release.xcconfig */ = {isa = PBXFileReference; includeInIndex = 1; lastKnownFileType = text.xcconfig; name = "Pods-WordHurdle.release.xcconfig"; path = "Target Support Files/Pods-WordHurdle/Pods-WordHurdle.release.xcconfig"; sourceTree = "<group>"; };
/* End PBXFileReference section */

/* Begin PBXFrameworksBuildPhase section */
		62A9582B2AEC52B50056FA25 /* Frameworks */ = {
			isa = PBXFrameworksBuildPhase;
			buildActionMask = 2147483647;
			files = (
				FDD6DB5DC1C801F2FCEF89B5 /* Pods_WordHurdle.framework in Frameworks */,
			);
			runOnlyForDeploymentPostprocessing = 0;
		};
		62F4D75A2C825F8F00CEC7A7 /* Frameworks */ = {
			isa = PBXFrameworksBuildPhase;
			buildActionMask = 2147483647;
			files = (
			);
			runOnlyForDeploymentPostprocessing = 0;
		};
/* End PBXFrameworksBuildPhase section */

/* Begin PBXGroup section */
		5CDCA5701E9B9D3140FF1327 /* Pods */ = {
			isa = PBXGroup;
			children = (
				780EFAA0F9A1402A8A4B07EF /* Pods-WordHurdle.debug.xcconfig */,
				9E9AA02DBC5D9EE5E43BB8D8 /* Pods-WordHurdle.release.xcconfig */,
			);
			path = Pods;
			sourceTree = "<group>";
		};
		62A958252AEC52B50056FA25 = {
			isa = PBXGroup;
			children = (
				62A958302AEC52B50056FA25 /* WordHurdle */,
				62F4D75E2C825F8F00CEC7A7 /* GameLogicTests */,
				62A9582F2AEC52B50056FA25 /* Products */,
				5CDCA5701E9B9D3140FF1327 /* Pods */,
				B4BA76B693E87FF89D52B106 /* Frameworks */,
			);
			sourceTree = "<group>";
		};
		62A9582F2AEC52B50056FA25 /* Products */ = {
			isa = PBXGroup;
			children = (
				62A9582E2AEC52B50056FA25 /* WordHurdle.app */,
				62F4D75D2C825F8F00CEC7A7 /* GameLogicTests.xctest */,
			);
			name = Products;
			sourceTree = "<group>";
		};
		62A958302AEC52B50056FA25 /* WordHurdle */ = {
			isa = PBXGroup;
			children = (
				62A958312AEC52B50056FA25 /* AppDelegate.swift */,
				62A958332AEC52B50056FA25 /* SceneDelegate.swift */,
				62F4D73E2C7E5C6700CEC7A7 /* Protocols */,
				62A958472AEC53790056FA25 /* Model */,
				62A958492AEC538D0056FA25 /* View */,
				62A958482AEC53840056FA25 /* Controller */,
				62A9583A2AEC52BA0056FA25 /* Assets.xcassets */,
				62A958552AF40F420056FA25 /* Custom Font */,
				62A9583C2AEC52BA0056FA25 /* LaunchScreen.storyboard */,
				62A9583F2AEC52BA0056FA25 /* Info.plist */,
			);
			path = WordHurdle;
			sourceTree = "<group>";
		};
		62A958472AEC53790056FA25 /* Model */ = {
			isa = PBXGroup;
			children = (
				62F4D73F2C7E5EC500CEC7A7 /* CheckResults.swift */,
				62A958452AEC52F60056FA25 /* AllWords.swift */,
				62A958512AEF16BB0056FA25 /* AllLetters.swift */,
				62A958562AF4154F0056FA25 /* Game Logic.swift */,
				62A958582AF419FD0056FA25 /* Alerts.swift */,
				621B5A2A2C8B9E10000AC94D /* StatsNames.swift */,
				62575A222AFAA49A000D6417 /* Stat.swift */,
				62575A1E2AFAA2A9000D6417 /* PlayerStats.swift */,
				62575A242AFAB287000D6417 /* StatTableViewCell.swift */,
				62575A282AFC2A6C000D6417 /* AnyChartiOS.swift */,
			);
			path = Model;
			sourceTree = "<group>";
		};
		62A958482AEC53840056FA25 /* Controller */ = {
			isa = PBXGroup;
			children = (
				62A9584C2AEC54430056FA25 /* GameViewController.swift */,
				62575A202AFAA385000D6417 /* StatsViewController.swift */,
			);
			path = Controller;
			sourceTree = "<group>";
		};
		62A958492AEC538D0056FA25 /* View */ = {
			isa = PBXGroup;
			children = (
				62A958372AEC52B60056FA25 /* Main.storyboard */,
				62575A252AFAB287000D6417 /* StatTableViewCell.xib */,
			);
			path = View;
			sourceTree = "<group>";
		};
		62A958552AF40F420056FA25 /* Custom Font */ = {
			isa = PBXGroup;
			children = (
				62A958532AF40CBA0056FA25 /* Sacco-SemiBoldCondensed.ttf */,
			);
			path = "Custom Font";
			sourceTree = "<group>";
		};
		62F4D73E2C7E5C6700CEC7A7 /* Protocols */ = {
			isa = PBXGroup;
			children = (
				62F4D73C2C7E5C5F00CEC7A7 /* GameLogicDelegate.swift */,
				62F4D7432C7FD86200CEC7A7 /* AlertsDelegate.swift */,
				62F4D7412C7FD71500CEC7A7 /* KeyboardManager.swift */,
				62F4D7452C8107D500CEC7A7 /* StatsManagerProtocol.swift */,
			);
			path = Protocols;
			sourceTree = "<group>";
		};
		62F4D75E2C825F8F00CEC7A7 /* GameLogicTests */ = {
			isa = PBXGroup;
			children = (
				62F4D75F2C825F8F00CEC7A7 /* GameLogicTests.swift */,
				621B5A262C866825000AC94D /* AllLettersTests.swift */,
				621B5A282C8B91EE000AC94D /* PlayerStatsTests.swift */,
			);
			path = GameLogicTests;
			sourceTree = "<group>";
		};
		B4BA76B693E87FF89D52B106 /* Frameworks */ = {
			isa = PBXGroup;
			children = (
				07915E3817D27611D3F9C5E7 /* Pods_WordHurdle.framework */,
			);
			name = Frameworks;
			sourceTree = "<group>";
		};
/* End PBXGroup section */

/* Begin PBXNativeTarget section */
		62A9582D2AEC52B50056FA25 /* WordHurdle */ = {
			isa = PBXNativeTarget;
			buildConfigurationList = 62A958422AEC52BA0056FA25 /* Build configuration list for PBXNativeTarget "WordHurdle" */;
			buildPhases = (
				99D85D89B78F02CA9BBEEDBD /* [CP] Check Pods Manifest.lock */,
				62A9582A2AEC52B50056FA25 /* Sources */,
				62A9582B2AEC52B50056FA25 /* Frameworks */,
				62A9582C2AEC52B50056FA25 /* Resources */,
				0735AA3E3D74010E4CAFB177 /* [CP] Embed Pods Frameworks */,
				62F4D7552C825F3400CEC7A7 /* Embed Foundation Extensions */,
			);
			buildRules = (
			);
			dependencies = (
			);
			name = WordHurdle;
			productName = WordHurdle;
			productReference = 62A9582E2AEC52B50056FA25 /* WordHurdle.app */;
			productType = "com.apple.product-type.application";
		};
		62F4D75C2C825F8F00CEC7A7 /* GameLogicTests */ = {
			isa = PBXNativeTarget;
			buildConfigurationList = 62F4D7632C825F8F00CEC7A7 /* Build configuration list for PBXNativeTarget "GameLogicTests" */;
			buildPhases = (
				62F4D7592C825F8F00CEC7A7 /* Sources */,
				62F4D75A2C825F8F00CEC7A7 /* Frameworks */,
				62F4D75B2C825F8F00CEC7A7 /* Resources */,
			);
			buildRules = (
			);
			dependencies = (
				62F4D7622C825F8F00CEC7A7 /* PBXTargetDependency */,
			);
			name = GameLogicTests;
			productName = GameLogicTests;
			productReference = 62F4D75D2C825F8F00CEC7A7 /* GameLogicTests.xctest */;
			productType = "com.apple.product-type.bundle.unit-test";
		};
/* End PBXNativeTarget section */

/* Begin PBXProject section */
		62A958262AEC52B50056FA25 /* Project object */ = {
			isa = PBXProject;
			attributes = {
				BuildIndependentTargetsInParallel = 1;
				LastSwiftUpdateCheck = 1540;
				LastUpgradeCheck = 1500;
				TargetAttributes = {
					62A9582D2AEC52B50056FA25 = {
						CreatedOnToolsVersion = 15.0.1;
					};
					62F4D75C2C825F8F00CEC7A7 = {
						CreatedOnToolsVersion = 15.4;
						TestTargetID = 62A9582D2AEC52B50056FA25;
					};
				};
			};
			buildConfigurationList = 62A958292AEC52B50056FA25 /* Build configuration list for PBXProject "WordHurdle" */;
			compatibilityVersion = "Xcode 14.0";
			developmentRegion = en;
			hasScannedForEncodings = 0;
			knownRegions = (
				en,
				Base,
			);
			mainGroup = 62A958252AEC52B50056FA25;
			productRefGroup = 62A9582F2AEC52B50056FA25 /* Products */;
			projectDirPath = "";
			projectRoot = "";
			targets = (
				62A9582D2AEC52B50056FA25 /* WordHurdle */,
				62F4D75C2C825F8F00CEC7A7 /* GameLogicTests */,
			);
		};
/* End PBXProject section */

/* Begin PBXResourcesBuildPhase section */
		62A9582C2AEC52B50056FA25 /* Resources */ = {
			isa = PBXResourcesBuildPhase;
			buildActionMask = 2147483647;
			files = (
				62A9583E2AEC52BA0056FA25 /* LaunchScreen.storyboard in Resources */,
				62A9583B2AEC52BA0056FA25 /* Assets.xcassets in Resources */,
				62A958392AEC52B60056FA25 /* Main.storyboard in Resources */,
				62A958542AF40CBB0056FA25 /* Sacco-SemiBoldCondensed.ttf in Resources */,
				62575A272AFAB287000D6417 /* StatTableViewCell.xib in Resources */,
			);
			runOnlyForDeploymentPostprocessing = 0;
		};
		62F4D75B2C825F8F00CEC7A7 /* Resources */ = {
			isa = PBXResourcesBuildPhase;
			buildActionMask = 2147483647;
			files = (
			);
			runOnlyForDeploymentPostprocessing = 0;
		};
/* End PBXResourcesBuildPhase section */

/* Begin PBXShellScriptBuildPhase section */
		0735AA3E3D74010E4CAFB177 /* [CP] Embed Pods Frameworks */ = {
			isa = PBXShellScriptBuildPhase;
			buildActionMask = 2147483647;
			files = (
			);
			inputFileListPaths = (
				"${PODS_ROOT}/Target Support Files/Pods-WordHurdle/Pods-WordHurdle-frameworks-${CONFIGURATION}-input-files.xcfilelist",
			);
			name = "[CP] Embed Pods Frameworks";
			outputFileListPaths = (
				"${PODS_ROOT}/Target Support Files/Pods-WordHurdle/Pods-WordHurdle-frameworks-${CONFIGURATION}-output-files.xcfilelist",
			);
			runOnlyForDeploymentPostprocessing = 0;
			shellPath = /bin/sh;
			shellScript = "\"${PODS_ROOT}/Target Support Files/Pods-WordHurdle/Pods-WordHurdle-frameworks.sh\"\n";
			showEnvVarsInLog = 0;
		};
		99D85D89B78F02CA9BBEEDBD /* [CP] Check Pods Manifest.lock */ = {
			isa = PBXShellScriptBuildPhase;
			buildActionMask = 2147483647;
			files = (
			);
			inputFileListPaths = (
			);
			inputPaths = (
				"${PODS_PODFILE_DIR_PATH}/Podfile.lock",
				"${PODS_ROOT}/Manifest.lock",
			);
			name = "[CP] Check Pods Manifest.lock";
			outputFileListPaths = (
			);
			outputPaths = (
				"$(DERIVED_FILE_DIR)/Pods-WordHurdle-checkManifestLockResult.txt",
			);
			runOnlyForDeploymentPostprocessing = 0;
			shellPath = /bin/sh;
			shellScript = "diff \"${PODS_PODFILE_DIR_PATH}/Podfile.lock\" \"${PODS_ROOT}/Manifest.lock\" > /dev/null\nif [ $? != 0 ] ; then\n    # print error to STDERR\n    echo \"error: The sandbox is not in sync with the Podfile.lock. Run 'pod install' or update your CocoaPods installation.\" >&2\n    exit 1\nfi\n# This output is used by Xcode 'outputs' to avoid re-running this script phase.\necho \"SUCCESS\" > \"${SCRIPT_OUTPUT_FILE_0}\"\n";
			showEnvVarsInLog = 0;
		};
/* End PBXShellScriptBuildPhase section */

/* Begin PBXSourcesBuildPhase section */
		62A9582A2AEC52B50056FA25 /* Sources */ = {
			isa = PBXSourcesBuildPhase;
			buildActionMask = 2147483647;
			files = (
				621B5A2C2C8B9FBE000AC94D /* StatsNames.swift in Sources */,
				62575A262AFAB287000D6417 /* StatTableViewCell.swift in Sources */,
				62575A1F2AFAA2A9000D6417 /* PlayerStats.swift in Sources */,
				62F4D7422C7FD71500CEC7A7 /* KeyboardManager.swift in Sources */,
				62A958522AEF16BB0056FA25 /* AllLetters.swift in Sources */,
				62A958572AF4154F0056FA25 /* Game Logic.swift in Sources */,
				62F4D7462C8107D500CEC7A7 /* StatsManagerProtocol.swift in Sources */,
				62F4D7442C7FD86200CEC7A7 /* AlertsDelegate.swift in Sources */,
				62F4D73D2C7E5C5F00CEC7A7 /* GameLogicDelegate.swift in Sources */,
				62575A232AFAA49A000D6417 /* Stat.swift in Sources */,
				62A958462AEC52F60056FA25 /* AllWords.swift in Sources */,
				62F4D7402C7E5EC500CEC7A7 /* CheckResults.swift in Sources */,
				62A958322AEC52B50056FA25 /* AppDelegate.swift in Sources */,
				62A9584D2AEC54430056FA25 /* GameViewController.swift in Sources */,
				62A958592AF419FD0056FA25 /* Alerts.swift in Sources */,
				62575A292AFC2A6C000D6417 /* AnyChartiOS.swift in Sources */,
				62575A212AFAA385000D6417 /* StatsViewController.swift in Sources */,
				62A958342AEC52B50056FA25 /* SceneDelegate.swift in Sources */,
			);
			runOnlyForDeploymentPostprocessing = 0;
		};
		62F4D7592C825F8F00CEC7A7 /* Sources */ = {
			isa = PBXSourcesBuildPhase;
			buildActionMask = 2147483647;
			files = (
				62F4D7602C825F8F00CEC7A7 /* GameLogicTests.swift in Sources */,
				621B5A292C8B91EE000AC94D /* PlayerStatsTests.swift in Sources */,
				621B5A272C866825000AC94D /* AllLettersTests.swift in Sources */,
			);
			runOnlyForDeploymentPostprocessing = 0;
		};
/* End PBXSourcesBuildPhase section */

/* Begin PBXTargetDependency section */
		62F4D7622C825F8F00CEC7A7 /* PBXTargetDependency */ = {
			isa = PBXTargetDependency;
			target = 62A9582D2AEC52B50056FA25 /* WordHurdle */;
			targetProxy = 62F4D7612C825F8F00CEC7A7 /* PBXContainerItemProxy */;
		};
/* End PBXTargetDependency section */

/* Begin PBXVariantGroup section */
		62A958372AEC52B60056FA25 /* Main.storyboard */ = {
			isa = PBXVariantGroup;
			children = (
				62A958382AEC52B60056FA25 /* Base */,
			);
			name = Main.storyboard;
			sourceTree = "<group>";
		};
		62A9583C2AEC52BA0056FA25 /* LaunchScreen.storyboard */ = {
			isa = PBXVariantGroup;
			children = (
				62A9583D2AEC52BA0056FA25 /* Base */,
			);
			name = LaunchScreen.storyboard;
			sourceTree = "<group>";
		};
/* End PBXVariantGroup section */

/* Begin XCBuildConfiguration section */
		62A958402AEC52BA0056FA25 /* Debug */ = {
			isa = XCBuildConfiguration;
			buildSettings = {
				ALWAYS_SEARCH_USER_PATHS = NO;
				ASSETCATALOG_COMPILER_GENERATE_SWIFT_ASSET_SYMBOL_EXTENSIONS = YES;
				CLANG_ANALYZER_NONNULL = YES;
				CLANG_ANALYZER_NUMBER_OBJECT_CONVERSION = YES_AGGRESSIVE;
				CLANG_CXX_LANGUAGE_STANDARD = "gnu++20";
				CLANG_ENABLE_MODULES = YES;
				CLANG_ENABLE_OBJC_ARC = YES;
				CLANG_ENABLE_OBJC_WEAK = YES;
				CLANG_WARN_BLOCK_CAPTURE_AUTORELEASING = YES;
				CLANG_WARN_BOOL_CONVERSION = YES;
				CLANG_WARN_COMMA = YES;
				CLANG_WARN_CONSTANT_CONVERSION = YES;
				CLANG_WARN_DEPRECATED_OBJC_IMPLEMENTATIONS = YES;
				CLANG_WARN_DIRECT_OBJC_ISA_USAGE = YES_ERROR;
				CLANG_WARN_DOCUMENTATION_COMMENTS = YES;
				CLANG_WARN_EMPTY_BODY = YES;
				CLANG_WARN_ENUM_CONVERSION = YES;
				CLANG_WARN_INFINITE_RECURSION = YES;
				CLANG_WARN_INT_CONVERSION = YES;
				CLANG_WARN_NON_LITERAL_NULL_CONVERSION = YES;
				CLANG_WARN_OBJC_IMPLICIT_RETAIN_SELF = YES;
				CLANG_WARN_OBJC_LITERAL_CONVERSION = YES;
				CLANG_WARN_OBJC_ROOT_CLASS = YES_ERROR;
				CLANG_WARN_QUOTED_INCLUDE_IN_FRAMEWORK_HEADER = YES;
				CLANG_WARN_RANGE_LOOP_ANALYSIS = YES;
				CLANG_WARN_STRICT_PROTOTYPES = YES;
				CLANG_WARN_SUSPICIOUS_MOVE = YES;
				CLANG_WARN_UNGUARDED_AVAILABILITY = YES_AGGRESSIVE;
				CLANG_WARN_UNREACHABLE_CODE = YES;
				CLANG_WARN__DUPLICATE_METHOD_MATCH = YES;
				COPY_PHASE_STRIP = NO;
				DEBUG_INFORMATION_FORMAT = dwarf;
				ENABLE_STRICT_OBJC_MSGSEND = YES;
				ENABLE_TESTABILITY = YES;
				ENABLE_USER_SCRIPT_SANDBOXING = NO;
				GCC_C_LANGUAGE_STANDARD = gnu17;
				GCC_DYNAMIC_NO_PIC = NO;
				GCC_NO_COMMON_BLOCKS = YES;
				GCC_OPTIMIZATION_LEVEL = 0;
				GCC_PREPROCESSOR_DEFINITIONS = (
					"DEBUG=1",
					"$(inherited)",
				);
				GCC_WARN_64_TO_32_BIT_CONVERSION = YES;
				GCC_WARN_ABOUT_RETURN_TYPE = YES_ERROR;
				GCC_WARN_UNDECLARED_SELECTOR = YES;
				GCC_WARN_UNINITIALIZED_AUTOS = YES_AGGRESSIVE;
				GCC_WARN_UNUSED_FUNCTION = YES;
				GCC_WARN_UNUSED_VARIABLE = YES;
				IPHONEOS_DEPLOYMENT_TARGET = 17.0;
				LOCALIZATION_PREFERS_STRING_CATALOGS = YES;
				MTL_ENABLE_DEBUG_INFO = INCLUDE_SOURCE;
				MTL_FAST_MATH = YES;
				ONLY_ACTIVE_ARCH = YES;
				SDKROOT = iphoneos;
				SWIFT_ACTIVE_COMPILATION_CONDITIONS = "DEBUG $(inherited)";
				SWIFT_OPTIMIZATION_LEVEL = "-Onone";
			};
			name = Debug;
		};
		62A958412AEC52BA0056FA25 /* Release */ = {
			isa = XCBuildConfiguration;
			buildSettings = {
				ALWAYS_SEARCH_USER_PATHS = NO;
				ASSETCATALOG_COMPILER_GENERATE_SWIFT_ASSET_SYMBOL_EXTENSIONS = YES;
				CLANG_ANALYZER_NONNULL = YES;
				CLANG_ANALYZER_NUMBER_OBJECT_CONVERSION = YES_AGGRESSIVE;
				CLANG_CXX_LANGUAGE_STANDARD = "gnu++20";
				CLANG_ENABLE_MODULES = YES;
				CLANG_ENABLE_OBJC_ARC = YES;
				CLANG_ENABLE_OBJC_WEAK = YES;
				CLANG_WARN_BLOCK_CAPTURE_AUTORELEASING = YES;
				CLANG_WARN_BOOL_CONVERSION = YES;
				CLANG_WARN_COMMA = YES;
				CLANG_WARN_CONSTANT_CONVERSION = YES;
				CLANG_WARN_DEPRECATED_OBJC_IMPLEMENTATIONS = YES;
				CLANG_WARN_DIRECT_OBJC_ISA_USAGE = YES_ERROR;
				CLANG_WARN_DOCUMENTATION_COMMENTS = YES;
				CLANG_WARN_EMPTY_BODY = YES;
				CLANG_WARN_ENUM_CONVERSION = YES;
				CLANG_WARN_INFINITE_RECURSION = YES;
				CLANG_WARN_INT_CONVERSION = YES;
				CLANG_WARN_NON_LITERAL_NULL_CONVERSION = YES;
				CLANG_WARN_OBJC_IMPLICIT_RETAIN_SELF = YES;
				CLANG_WARN_OBJC_LITERAL_CONVERSION = YES;
				CLANG_WARN_OBJC_ROOT_CLASS = YES_ERROR;
				CLANG_WARN_QUOTED_INCLUDE_IN_FRAMEWORK_HEADER = YES;
				CLANG_WARN_RANGE_LOOP_ANALYSIS = YES;
				CLANG_WARN_STRICT_PROTOTYPES = YES;
				CLANG_WARN_SUSPICIOUS_MOVE = YES;
				CLANG_WARN_UNGUARDED_AVAILABILITY = YES_AGGRESSIVE;
				CLANG_WARN_UNREACHABLE_CODE = YES;
				CLANG_WARN__DUPLICATE_METHOD_MATCH = YES;
				COPY_PHASE_STRIP = NO;
				DEBUG_INFORMATION_FORMAT = "dwarf-with-dsym";
				ENABLE_NS_ASSERTIONS = NO;
				ENABLE_STRICT_OBJC_MSGSEND = YES;
				ENABLE_USER_SCRIPT_SANDBOXING = NO;
				GCC_C_LANGUAGE_STANDARD = gnu17;
				GCC_NO_COMMON_BLOCKS = YES;
				GCC_WARN_64_TO_32_BIT_CONVERSION = YES;
				GCC_WARN_ABOUT_RETURN_TYPE = YES_ERROR;
				GCC_WARN_UNDECLARED_SELECTOR = YES;
				GCC_WARN_UNINITIALIZED_AUTOS = YES_AGGRESSIVE;
				GCC_WARN_UNUSED_FUNCTION = YES;
				GCC_WARN_UNUSED_VARIABLE = YES;
				IPHONEOS_DEPLOYMENT_TARGET = 17.0;
				LOCALIZATION_PREFERS_STRING_CATALOGS = YES;
				MTL_ENABLE_DEBUG_INFO = NO;
				MTL_FAST_MATH = YES;
				SDKROOT = iphoneos;
				SWIFT_COMPILATION_MODE = wholemodule;
				VALIDATE_PRODUCT = YES;
			};
			name = Release;
		};
		62A958432AEC52BA0056FA25 /* Debug */ = {
			isa = XCBuildConfiguration;
			baseConfigurationReference = 780EFAA0F9A1402A8A4B07EF /* Pods-WordHurdle.debug.xcconfig */;
			buildSettings = {
				ASSETCATALOG_COMPILER_APPICON_NAME = AppIcon;
				ASSETCATALOG_COMPILER_GLOBAL_ACCENT_COLOR_NAME = AccentColor;
				CODE_SIGN_STYLE = Automatic;
				CURRENT_PROJECT_VERSION = 1;
				DEVELOPMENT_TEAM = DTJ5G5B67W;
				GENERATE_INFOPLIST_FILE = YES;
				INFOPLIST_FILE = WordHurdle/Info.plist;
				INFOPLIST_KEY_UIApplicationSupportsIndirectInputEvents = YES;
				INFOPLIST_KEY_UILaunchStoryboardName = LaunchScreen;
				INFOPLIST_KEY_UIMainStoryboardFile = Main;
				INFOPLIST_KEY_UISupportedInterfaceOrientations = UIInterfaceOrientationPortrait;
				IPHONEOS_DEPLOYMENT_TARGET = 16.0;
				LD_RUNPATH_SEARCH_PATHS = (
					"$(inherited)",
					"@executable_path/Frameworks",
				);
				MARKETING_VERSION = 1.0;
				PRODUCT_BUNDLE_IDENTIFIER = com.AndreaBottino.WordHurdle;
				PRODUCT_NAME = "$(TARGET_NAME)";
				SWIFT_EMIT_LOC_STRINGS = YES;
				SWIFT_VERSION = 5.0;
				TARGETED_DEVICE_FAMILY = "1,2";
			};
			name = Debug;
		};
		62A958442AEC52BA0056FA25 /* Release */ = {
			isa = XCBuildConfiguration;
			baseConfigurationReference = 9E9AA02DBC5D9EE5E43BB8D8 /* Pods-WordHurdle.release.xcconfig */;
			buildSettings = {
				ASSETCATALOG_COMPILER_APPICON_NAME = AppIcon;
				ASSETCATALOG_COMPILER_GLOBAL_ACCENT_COLOR_NAME = AccentColor;
				CODE_SIGN_STYLE = Automatic;
				CURRENT_PROJECT_VERSION = 1;
				DEVELOPMENT_TEAM = DTJ5G5B67W;
				GENERATE_INFOPLIST_FILE = YES;
				INFOPLIST_FILE = WordHurdle/Info.plist;
				INFOPLIST_KEY_UIApplicationSupportsIndirectInputEvents = YES;
				INFOPLIST_KEY_UILaunchStoryboardName = LaunchScreen;
				INFOPLIST_KEY_UIMainStoryboardFile = Main;
				INFOPLIST_KEY_UISupportedInterfaceOrientations = UIInterfaceOrientationPortrait;
				IPHONEOS_DEPLOYMENT_TARGET = 16.0;
				LD_RUNPATH_SEARCH_PATHS = (
					"$(inherited)",
					"@executable_path/Frameworks",
				);
				MARKETING_VERSION = 1.0;
				PRODUCT_BUNDLE_IDENTIFIER = com.AndreaBottino.WordHurdle;
				PRODUCT_NAME = "$(TARGET_NAME)";
				SWIFT_EMIT_LOC_STRINGS = YES;
				SWIFT_VERSION = 5.0;
				TARGETED_DEVICE_FAMILY = "1,2";
			};
			name = Release;
		};
		62F4D7642C825F8F00CEC7A7 /* Debug */ = {
			isa = XCBuildConfiguration;
			buildSettings = {
				BUNDLE_LOADER = "$(TEST_HOST)";
				CODE_SIGN_STYLE = Automatic;
				CURRENT_PROJECT_VERSION = 1;
				DEVELOPMENT_TEAM = L52JR8SNCR;
				ENABLE_USER_SCRIPT_SANDBOXING = YES;
				GENERATE_INFOPLIST_FILE = YES;
				IPHONEOS_DEPLOYMENT_TARGET = 17.5;
				MARKETING_VERSION = 1.0;
				PRODUCT_BUNDLE_IDENTIFIER = com.AndreaBottino.WordHurdle.GameLogicTests;
				PRODUCT_NAME = "$(TARGET_NAME)";
				SWIFT_EMIT_LOC_STRINGS = NO;
				SWIFT_VERSION = 5.0;
				TARGETED_DEVICE_FAMILY = "1,2";
				TEST_HOST = "$(BUILT_PRODUCTS_DIR)/WordHurdle.app/$(BUNDLE_EXECUTABLE_FOLDER_PATH)/WordHurdle";
			};
			name = Debug;
		};
		62F4D7652C825F8F00CEC7A7 /* Release */ = {
			isa = XCBuildConfiguration;
			buildSettings = {
				BUNDLE_LOADER = "$(TEST_HOST)";
				CODE_SIGN_STYLE = Automatic;
				CURRENT_PROJECT_VERSION = 1;
				DEVELOPMENT_TEAM = L52JR8SNCR;
				ENABLE_USER_SCRIPT_SANDBOXING = YES;
				GENERATE_INFOPLIST_FILE = YES;
				IPHONEOS_DEPLOYMENT_TARGET = 17.5;
				MARKETING_VERSION = 1.0;
				PRODUCT_BUNDLE_IDENTIFIER = com.AndreaBottino.WordHurdle.GameLogicTests;
				PRODUCT_NAME = "$(TARGET_NAME)";
				SWIFT_EMIT_LOC_STRINGS = NO;
				SWIFT_VERSION = 5.0;
				TARGETED_DEVICE_FAMILY = "1,2";
				TEST_HOST = "$(BUILT_PRODUCTS_DIR)/WordHurdle.app/$(BUNDLE_EXECUTABLE_FOLDER_PATH)/WordHurdle";
			};
			name = Release;
		};
/* End XCBuildConfiguration section */

/* Begin XCConfigurationList section */
		62A958292AEC52B50056FA25 /* Build configuration list for PBXProject "WordHurdle" */ = {
			isa = XCConfigurationList;
			buildConfigurations = (
				62A958402AEC52BA0056FA25 /* Debug */,
				62A958412AEC52BA0056FA25 /* Release */,
			);
			defaultConfigurationIsVisible = 0;
			defaultConfigurationName = Release;
		};
		62A958422AEC52BA0056FA25 /* Build configuration list for PBXNativeTarget "WordHurdle" */ = {
			isa = XCConfigurationList;
			buildConfigurations = (
				62A958432AEC52BA0056FA25 /* Debug */,
				62A958442AEC52BA0056FA25 /* Release */,
			);
			defaultConfigurationIsVisible = 0;
			defaultConfigurationName = Release;
		};
		62F4D7632C825F8F00CEC7A7 /* Build configuration list for PBXNativeTarget "GameLogicTests" */ = {
			isa = XCConfigurationList;
			buildConfigurations = (
				62F4D7642C825F8F00CEC7A7 /* Debug */,
				62F4D7652C825F8F00CEC7A7 /* Release */,
			);
			defaultConfigurationIsVisible = 0;
			defaultConfigurationName = Release;
		};
/* End XCConfigurationList section */
	};
	rootObject = 62A958262AEC52B50056FA25 /* Project object */;
}
